
Microsoft Visual Studio Solution File, Format Version 12.00
# Visual Studio Version 16
VisualStudioVersion = 16.0.31112.23
MinimumVisualStudioVersion = 10.0.40219.1
Project("{FAE04EC0-301F-11D3-BF4B-00C04F79EFBC}") = "PowerSlide", "PowerSlide\PowerSlide.csproj", "{B9CBB968-0062-4DB2-8AA9-E26740200295}"
EndProject
Global
	GlobalSection(SolutionConfigurationPlatforms) = preSolution
		Debug|Any CPU = Debug|Any CPU
		Release|Any CPU = Release|Any CPU
	EndGlobalSection
	GlobalSection(ProjectConfigurationPlatforms) = postSolution
		{B9CBB968-0062-4DB2-8AA9-E26740200295}.Debug|Any CPU.ActiveCfg = Debug|Any CPU
		{B9CBB968-0062-4DB2-8AA9-E26740200295}.Debug|Any CPU.Build.0 = Debug|Any CPU
		{B9CBB968-0062-4DB2-8AA9-E26740200295}.Release|Any CPU.ActiveCfg = Release|Any CPU
		{B9CBB968-0062-4DB2-8AA9-E26740200295}.Release|Any CPU.Build.0 = Release|Any CPU
	EndGlobalSection
	GlobalSection(SolutionProperties) = preSolution
		HideSolutionNode = FALSE
	EndGlobalSection
	GlobalSection(ExtensibilityGlobals) = postSolution
		SolutionGuid = {0C50BB65-2E44-41A5-B3E1-CC50525767EA}
	EndGlobalSection
EndGlobal
